
Microsoft Visual Studio Solution File, Format Version 12.00
# Visual Studio Version 17
VisualStudioVersion = 17.8.34511.84
MinimumVisualStudioVersion = 10.0.40219.1
Project("{9A19103F-16F7-4668-BE54-9A1E7A4F7556}") = "WebChat", "WebChat.csproj", "{482BAA32-2B26-4C49-953F-742EAEEE2D00}"
EndProject
Project("{FAE04EC0-301F-11D3-BF4B-00C04F79EFBC}") = "WinFormChat", "C:\Users\gedeo\source\repos\WinFormChat\WinFormChat.csproj", "{C76256EB-1860-44B3-AC1E-6FF760CAD66E}"
EndProject
Global
	GlobalSection(SolutionConfigurationPlatforms) = preSolution
		Debug|Any CPU = Debug|Any CPU
		Release|Any CPU = Release|Any CPU
	EndGlobalSection
	GlobalSection(ProjectConfigurationPlatforms) = postSolution
		{482BAA32-2B26-4C49-953F-742EAEEE2D00}.Debug|Any CPU.ActiveCfg = Debug|Any CPU
		{482BAA32-2B26-4C49-953F-742EAEEE2D00}.Debug|Any CPU.Build.0 = Debug|Any CPU
		{482BAA32-2B26-4C49-953F-742EAEEE2D00}.Release|Any CPU.ActiveCfg = Release|Any CPU
		{482BAA32-2B26-4C49-953F-742EAEEE2D00}.Release|Any CPU.Build.0 = Release|Any CPU
		{C76256EB-1860-44B3-AC1E-6FF760CAD66E}.Debug|Any CPU.ActiveCfg = Debug|Any CPU
		{C76256EB-1860-44B3-AC1E-6FF760CAD66E}.Debug|Any CPU.Build.0 = Debug|Any CPU
		{C76256EB-1860-44B3-AC1E-6FF760CAD66E}.Release|Any CPU.ActiveCfg = Release|Any CPU
		{C76256EB-1860-44B3-AC1E-6FF760CAD66E}.Release|Any CPU.Build.0 = Release|Any CPU
	EndGlobalSection
	GlobalSection(SolutionProperties) = preSolution
		HideSolutionNode = FALSE
	EndGlobalSection
	GlobalSection(ExtensibilityGlobals) = postSolution
		SolutionGuid = {10C61B67-56F5-42FB-B75B-5B8A36406105}
	EndGlobalSection
EndGlobal
